<?xml version="1.0" encoding="utf-8"?>
<Project ToolsVersion="4.0" xmlns="http://schemas.microsoft.com/developer/msbuild/2003">
  <ItemGroup>
    <Filter Include="Form Files">
      <UniqueIdentifier>{99349809-55BA-4b9d-BF79-8FDBB0286EB3}</UniqueIdentifier>
      <Extensions>ui</Extensions>
    </Filter>
    <Filter Include="Resource Files">
      <UniqueIdentifier>{D9D6E242-F8AF-46E4-B9FD-80ECBC20BA3E}</UniqueIdentifier>
      <Extensions>qrc;*</Extensions>
      <ParseFiles>false</ParseFiles>
    </Filter>
    <Filter Include="Generated Files">
      <UniqueIdentifier>{71ED8ED8-ACB9-4CE9-BBE1-E00B30144E11}</UniqueIdentifier>
      <Extensions>moc;h;cpp</Extensions>
      <SourceControlFiles>False</SourceControlFiles>
    </Filter>
  </ItemGroup>
  <ItemGroup>
    <CustomBuild Include="..\..\src\tracker\OpenGL\shaders.qrc">
      <Filter>Resource Files</Filter>
    </CustomBuild>
  </ItemGroup>
  <ItemGroup>
    <None Include="..\..\src\tracker\OpenGL\DebugRenderer\CloudRenderer_fshader.glsl">
      <Filter>Resource Files</Filter>
    </None>
    <None Include="..\..\src\tracker\OpenGL\DebugRenderer\CloudRenderer_vshader.glsl">
      <Filter>Resource Files</Filter>
    </None>
    <None Include="..\..\src\tracker\OpenGL\KinectDataRenderer\KinectDataRenderer_fshader.glsl">
      <Filter>Resource Files</Filter>
    </None>
    <None Include="..\..\src\tracker\OpenGL\KinectDataRenderer\KinectDataRenderer_vshader.glsl">
      <Filter>Resource Files</Filter>
    </None>
    <None Include="..\..\src\tracker\OpenGL\CylindersRenderer\Cylinders_FB_fshader.glsl">
      <Filter>Resource Files</Filter>
    </None>
    <None Include="..\..\src\tracker\OpenGL\CylindersRenderer\Cylinders_FB_vshader.glsl">
      <Filter>Resource Files</Filter>
    </None>
    <None Include="..\..\src\tracker\OpenGL\CylindersRenderer\Cylinders_fshader.glsl">
      <Filter>Resource Files</Filter>
    </None>
    <None Include="..\..\src\tracker\OpenGL\CylindersRenderer\Cylinders_vshader.glsl">
      <Filter>Resource Files</Filter>
    </None>
    <None Include="..\..\src\tracker\OpenGL\QuadRenderer\QuadRenderer_color_fshader.glsl">
      <Filter>Resource Files</Filter>
    </None>
    <None Include="..\..\src\tracker\OpenGL\QuadRenderer\QuadRenderer_depth_fshader.glsl">
      <Filter>Resource Files</Filter>
    </None>
    <None Include="..\..\src\tracker\OpenGL\QuadRenderer\QuadRenderer_vshader.glsl">
      <Filter>Resource Files</Filter>
    </None>
  </ItemGroup>
  <ItemGroup>
    <ClCompile Include="GeneratedFiles\qrc_shaders.cpp">
      <Filter>Generated Files</Filter>
    </ClCompile>
  </ItemGroup>
</Project>